
Microsoft Visual Studio Solution File, Format Version 12.00
# Visual Studio Version 17
VisualStudioVersion = 17.12.35506.116 d17.12
MinimumVisualStudioVersion = 10.0.40219.1
Project("{2150E333-8FDC-42A3-9474-1A3956D46DE8}") = "src", "src", "{EB21DF66-8E99-47F6-8D7D-BB53BCE1F937}"
EndProject
Project("{2150E333-8FDC-42A3-9474-1A3956D46DE8}") = "Tests", "Tests", "{65E9EFB1-6274-4C46-BEF4-8E64525498A3}"
EndProject
Project("{FAE04EC0-301F-11D3-BF4B-00C04F79EFBC}") = "Customers.Tests.Unit", "src\Tests\Customers.Tests.Unit\Customers.Tests.Unit.csproj", "{9A129DE0-620D-425E-BD6B-E8D549A6187B}"
EndProject
Project("{FAE04EC0-301F-11D3-BF4B-00C04F79EFBC}") = "Common", "src\Common\Common.csproj", "{821506E8-C773-41DE-942F-05425CDAFC00}"
EndProject
Project("{FAE04EC0-301F-11D3-BF4B-00C04F79EFBC}") = "Customers.Domain", "src\Customers.Domain\Customers.Domain.csproj", "{247F134C-1067-4210-B5C2-3D0EEA31B81E}"
EndProject
Project("{FAE04EC0-301F-11D3-BF4B-00C04F79EFBC}") = "Customers.Domain.Service", "src\Customers.Domain.Service\Customers.Domain.Service.csproj", "{8881E2CC-5A2B-41BD-857A-9927E219B792}"
EndProject
Project("{FAE04EC0-301F-11D3-BF4B-00C04F79EFBC}") = "Customers.Infrastructure", "src\Customers.Infrastructure\Customers.Infrastructure.csproj", "{5B7F2319-E272-4E20-8D56-641DF52606B7}"
EndProject
Project("{FAE04EC0-301F-11D3-BF4B-00C04F79EFBC}") = "Customers.Api", "src\Customers.Api\Customers.Api.csproj", "{2F6C03F7-43EC-4549-90C7-3C3B25D223C4}"
EndProject
Project("{FAE04EC0-301F-11D3-BF4B-00C04F79EFBC}") = "Customers.Application", "src\Customers.Application\Customers.Application.csproj", "{6AEA34F0-D454-4EE8-8A7C-8A2FC2D7DBB3}"
EndProject
Project("{E53339B2-1760-4266-BCC7-CA923CBCF16C}") = "docker-compose", "docker-compose.dcproj", "{640308EF-AC64-4343-BC5C-1CBDC4766363}"
EndProject
Global
	GlobalSection(SolutionConfigurationPlatforms) = preSolution
		Debug|Any CPU = Debug|Any CPU
		Release|Any CPU = Release|Any CPU
	EndGlobalSection
	GlobalSection(ProjectConfigurationPlatforms) = postSolution
		{9A129DE0-620D-425E-BD6B-E8D549A6187B}.Debug|Any CPU.ActiveCfg = Debug|Any CPU
		{9A129DE0-620D-425E-BD6B-E8D549A6187B}.Debug|Any CPU.Build.0 = Debug|Any CPU
		{9A129DE0-620D-425E-BD6B-E8D549A6187B}.Release|Any CPU.ActiveCfg = Release|Any CPU
		{9A129DE0-620D-425E-BD6B-E8D549A6187B}.Release|Any CPU.Build.0 = Release|Any CPU
		{821506E8-C773-41DE-942F-05425CDAFC00}.Debug|Any CPU.ActiveCfg = Debug|Any CPU
		{821506E8-C773-41DE-942F-05425CDAFC00}.Debug|Any CPU.Build.0 = Debug|Any CPU
		{821506E8-C773-41DE-942F-05425CDAFC00}.Release|Any CPU.ActiveCfg = Release|Any CPU
		{821506E8-C773-41DE-942F-05425CDAFC00}.Release|Any CPU.Build.0 = Release|Any CPU
		{247F134C-1067-4210-B5C2-3D0EEA31B81E}.Debug|Any CPU.ActiveCfg = Debug|Any CPU
		{247F134C-1067-4210-B5C2-3D0EEA31B81E}.Debug|Any CPU.Build.0 = Debug|Any CPU
		{247F134C-1067-4210-B5C2-3D0EEA31B81E}.Release|Any CPU.ActiveCfg = Release|Any CPU
		{247F134C-1067-4210-B5C2-3D0EEA31B81E}.Release|Any CPU.Build.0 = Release|Any CPU
		{8881E2CC-5A2B-41BD-857A-9927E219B792}.Debug|Any CPU.ActiveCfg = Debug|Any CPU
		{8881E2CC-5A2B-41BD-857A-9927E219B792}.Debug|Any CPU.Build.0 = Debug|Any CPU
		{8881E2CC-5A2B-41BD-857A-9927E219B792}.Release|Any CPU.ActiveCfg = Release|Any CPU
		{8881E2CC-5A2B-41BD-857A-9927E219B792}.Release|Any CPU.Build.0 = Release|Any CPU
		{5B7F2319-E272-4E20-8D56-641DF52606B7}.Debug|Any CPU.ActiveCfg = Debug|Any CPU
		{5B7F2319-E272-4E20-8D56-641DF52606B7}.Debug|Any CPU.Build.0 = Debug|Any CPU
		{5B7F2319-E272-4E20-8D56-641DF52606B7}.Release|Any CPU.ActiveCfg = Release|Any CPU
		{5B7F2319-E272-4E20-8D56-641DF52606B7}.Release|Any CPU.Build.0 = Release|Any CPU
		{2F6C03F7-43EC-4549-90C7-3C3B25D223C4}.Debug|Any CPU.ActiveCfg = Debug|Any CPU
		{2F6C03F7-43EC-4549-90C7-3C3B25D223C4}.Debug|Any CPU.Build.0 = Debug|Any CPU
		{2F6C03F7-43EC-4549-90C7-3C3B25D223C4}.Release|Any CPU.ActiveCfg = Release|Any CPU
		{2F6C03F7-43EC-4549-90C7-3C3B25D223C4}.Release|Any CPU.Build.0 = Release|Any CPU
		{6AEA34F0-D454-4EE8-8A7C-8A2FC2D7DBB3}.Debug|Any CPU.ActiveCfg = Debug|Any CPU
		{6AEA34F0-D454-4EE8-8A7C-8A2FC2D7DBB3}.Debug|Any CPU.Build.0 = Debug|Any CPU
		{6AEA34F0-D454-4EE8-8A7C-8A2FC2D7DBB3}.Release|Any CPU.ActiveCfg = Release|Any CPU
		{6AEA34F0-D454-4EE8-8A7C-8A2FC2D7DBB3}.Release|Any CPU.Build.0 = Release|Any CPU
		{640308EF-AC64-4343-BC5C-1CBDC4766363}.Debug|Any CPU.ActiveCfg = Debug|Any CPU
		{640308EF-AC64-4343-BC5C-1CBDC4766363}.Debug|Any CPU.Build.0 = Debug|Any CPU
		{640308EF-AC64-4343-BC5C-1CBDC4766363}.Release|Any CPU.ActiveCfg = Release|Any CPU
		{640308EF-AC64-4343-BC5C-1CBDC4766363}.Release|Any CPU.Build.0 = Release|Any CPU
	EndGlobalSection
	GlobalSection(SolutionProperties) = preSolution
		HideSolutionNode = FALSE
	EndGlobalSection
	GlobalSection(NestedProjects) = preSolution
		{65E9EFB1-6274-4C46-BEF4-8E64525498A3} = {EB21DF66-8E99-47F6-8D7D-BB53BCE1F937}
		{9A129DE0-620D-425E-BD6B-E8D549A6187B} = {65E9EFB1-6274-4C46-BEF4-8E64525498A3}
		{821506E8-C773-41DE-942F-05425CDAFC00} = {EB21DF66-8E99-47F6-8D7D-BB53BCE1F937}
		{247F134C-1067-4210-B5C2-3D0EEA31B81E} = {EB21DF66-8E99-47F6-8D7D-BB53BCE1F937}
		{8881E2CC-5A2B-41BD-857A-9927E219B792} = {EB21DF66-8E99-47F6-8D7D-BB53BCE1F937}
		{5B7F2319-E272-4E20-8D56-641DF52606B7} = {EB21DF66-8E99-47F6-8D7D-BB53BCE1F937}
		{2F6C03F7-43EC-4549-90C7-3C3B25D223C4} = {EB21DF66-8E99-47F6-8D7D-BB53BCE1F937}
		{6AEA34F0-D454-4EE8-8A7C-8A2FC2D7DBB3} = {EB21DF66-8E99-47F6-8D7D-BB53BCE1F937}
	EndGlobalSection
EndGlobal
